
Microsoft Visual Studio Solution File, Format Version 12.00
# Visual Studio 14
VisualStudioVersion = 14.0.23107.0
MinimumVisualStudioVersion = 10.0.40219.1
Project("{2150E333-8FDC-42A3-9474-1A3956D46DE8}") = "Solution Items", "Solution Items", "{C672DB0E-3897-480A-AE75-270851EA2833}"
	ProjectSection(SolutionItems) = preProject
		IntegrationTests.testsettings = IntegrationTests.testsettings
		UnitTests.testsettings = UnitTests.testsettings
	EndProjectSection
EndProject
Project("{FAE04EC0-301F-11D3-BF4B-00C04F79EFBC}") = "ParametersXmlAddin", "ParametersXmlAddin\ParametersXmlAddin.csproj", "{57D29309-9D7B-4401-BBA0-DD6CCAA3DF1C}"
EndProject
Project("{FAE04EC0-301F-11D3-BF4B-00C04F79EFBC}") = "ParametersXmlAddin_IntegrationTests", "ParametersXmlAddin\ParametersXmlAddin_IntegrationTests\ParametersXmlAddin_IntegrationTests.csproj", "{F4400549-C01B-487E-99E4-55CC34D43EEF}"
EndProject
Project("{FAE04EC0-301F-11D3-BF4B-00C04F79EFBC}") = "ParametersXmlAddin_UnitTests", "ParametersXmlAddin\ParametersXmlAddin_UnitTests\ParametersXmlAddin_UnitTests.csproj", "{E2F2C2FE-BA37-4FAA-84AF-2C75FF06C58B}"
EndProject
Global
	GlobalSection(SolutionConfigurationPlatforms) = preSolution
		Debug|Any CPU = Debug|Any CPU
		Release|Any CPU = Release|Any CPU
	EndGlobalSection
	GlobalSection(ProjectConfigurationPlatforms) = postSolution
		{57D29309-9D7B-4401-BBA0-DD6CCAA3DF1C}.Debug|Any CPU.ActiveCfg = Debug|Any CPU
		{57D29309-9D7B-4401-BBA0-DD6CCAA3DF1C}.Debug|Any CPU.Build.0 = Debug|Any CPU
		{57D29309-9D7B-4401-BBA0-DD6CCAA3DF1C}.Release|Any CPU.ActiveCfg = Release|Any CPU
		{57D29309-9D7B-4401-BBA0-DD6CCAA3DF1C}.Release|Any CPU.Build.0 = Release|Any CPU
		{F4400549-C01B-487E-99E4-55CC34D43EEF}.Debug|Any CPU.ActiveCfg = Debug|Any CPU
		{F4400549-C01B-487E-99E4-55CC34D43EEF}.Debug|Any CPU.Build.0 = Debug|Any CPU
		{F4400549-C01B-487E-99E4-55CC34D43EEF}.Release|Any CPU.ActiveCfg = Release|Any CPU
		{F4400549-C01B-487E-99E4-55CC34D43EEF}.Release|Any CPU.Build.0 = Release|Any CPU
		{E2F2C2FE-BA37-4FAA-84AF-2C75FF06C58B}.Debug|Any CPU.ActiveCfg = Debug|Any CPU
		{E2F2C2FE-BA37-4FAA-84AF-2C75FF06C58B}.Debug|Any CPU.Build.0 = Debug|Any CPU
		{E2F2C2FE-BA37-4FAA-84AF-2C75FF06C58B}.Release|Any CPU.ActiveCfg = Release|Any CPU
		{E2F2C2FE-BA37-4FAA-84AF-2C75FF06C58B}.Release|Any CPU.Build.0 = Release|Any CPU
	EndGlobalSection
	GlobalSection(SolutionProperties) = preSolution
		HideSolutionNode = FALSE
	EndGlobalSection
EndGlobal
